
Microsoft Visual Studio Solution File, Format Version 12.00
# Visual Studio Version 16
VisualStudioVersion = 16.0.30406.217
MinimumVisualStudioVersion = 10.0.40219.1
Project("{FAE04EC0-301F-11D3-BF4B-00C04F79EFBC}") = "CimbraAPI", "CimbraAPI\CimbraAPI.csproj", "{FD9BF8C9-E514-43B6-B095-3035E3554407}"
EndProject
Global
	GlobalSection(SolutionConfigurationPlatforms) = preSolution
		Debug|Any CPU = Debug|Any CPU
		Release|Any CPU = Release|Any CPU
	EndGlobalSection
	GlobalSection(ProjectConfigurationPlatforms) = postSolution
		{FD9BF8C9-E514-43B6-B095-3035E3554407}.Debug|Any CPU.ActiveCfg = Debug|Any CPU
		{FD9BF8C9-E514-43B6-B095-3035E3554407}.Debug|Any CPU.Build.0 = Debug|Any CPU
		{FD9BF8C9-E514-43B6-B095-3035E3554407}.Release|Any CPU.ActiveCfg = Release|Any CPU
		{FD9BF8C9-E514-43B6-B095-3035E3554407}.Release|Any CPU.Build.0 = Release|Any CPU
	EndGlobalSection
	GlobalSection(SolutionProperties) = preSolution
		HideSolutionNode = FALSE
	EndGlobalSection
	GlobalSection(ExtensibilityGlobals) = postSolution
		SolutionGuid = {15169DD4-6E73-4A89-8E79-FEBA35BB531C}
	EndGlobalSection
EndGlobal
